// !$*UTF8*$!
{
	archiveVersion = 1;
	classes = {
	};
	objectVersion = 50;
	objects = {

/* Begin PBXBuildFile section */
		D00FE84D2573598400EBB04E /* AppDelegate.swift in Sources */ = {isa = PBXBuildFile; fileRef = D00FE84C2573598400EBB04E /* AppDelegate.swift */; };
		D00FE84F2573598400EBB04E /* SceneDelegate.swift in Sources */ = {isa = PBXBuildFile; fileRef = D00FE84E2573598400EBB04E /* SceneDelegate.swift */; };
		D00FE8542573598400EBB04E /* Main.storyboard in Resources */ = {isa = PBXBuildFile; fileRef = D00FE8522573598400EBB04E /* Main.storyboard */; };
		D00FE8572573598400EBB04E /* PlaylistCordeData34.xcdatamodeld in Sources */ = {isa = PBXBuildFile; fileRef = D00FE8552573598400EBB04E /* PlaylistCordeData34.xcdatamodeld */; };
		D00FE8592573598600EBB04E /* Assets.xcassets in Resources */ = {isa = PBXBuildFile; fileRef = D00FE8582573598600EBB04E /* Assets.xcassets */; };
		D00FE85C2573598600EBB04E /* LaunchScreen.storyboard in Resources */ = {isa = PBXBuildFile; fileRef = D00FE85A2573598600EBB04E /* LaunchScreen.storyboard */; };
		D0DDE5F6257660010055413B /* CoreDataStack.swift in Sources */ = {isa = PBXBuildFile; fileRef = D0DDE5F5257660010055413B /* CoreDataStack.swift */; };
		D0DDE5F92576660B0055413B /* Playlist+Convenience.swift in Sources */ = {isa = PBXBuildFile; fileRef = D0DDE5F82576660B0055413B /* Playlist+Convenience.swift */; };
		D0DDE5FC257666BF0055413B /* Song+Convenience.swift in Sources */ = {isa = PBXBuildFile; fileRef = D0DDE5FB257666BF0055413B /* Song+Convenience.swift */; };
/* End PBXBuildFile section */

/* Begin PBXFileReference section */
		D00FE8492573598400EBB04E /* PlaylistCordeData34.app */ = {isa = PBXFileReference; explicitFileType = wrapper.application; includeInIndex = 0; path = PlaylistCordeData34.app; sourceTree = BUILT_PRODUCTS_DIR; };
		D00FE84C2573598400EBB04E /* AppDelegate.swift */ = {isa = PBXFileReference; lastKnownFileType = sourcecode.swift; path = AppDelegate.swift; sourceTree = "<group>"; };
		D00FE84E2573598400EBB04E /* SceneDelegate.swift */ = {isa = PBXFileReference; lastKnownFileType = sourcecode.swift; path = SceneDelegate.swift; sourceTree = "<group>"; };
		D00FE8532573598400EBB04E /* Base */ = {isa = PBXFileReference; lastKnownFileType = file.storyboard; name = Base; path = Base.lproj/Main.storyboard; sourceTree = "<group>"; };
		D00FE8562573598400EBB04E /* PlaylistCordeData34.xcdatamodel */ = {isa = PBXFileReference; lastKnownFileType = wrapper.xcdatamodel; path = PlaylistCordeData34.xcdatamodel; sourceTree = "<group>"; };
		D00FE8582573598600EBB04E /* Assets.xcassets */ = {isa = PBXFileReference; lastKnownFileType = folder.assetcatalog; path = Assets.xcassets; sourceTree = "<group>"; };
		D00FE85B2573598600EBB04E /* Base */ = {isa = PBXFileReference; lastKnownFileType = file.storyboard; name = Base; path = Base.lproj/LaunchScreen.storyboard; sourceTree = "<group>"; };
		D00FE85D2573598600EBB04E /* Info.plist */ = {isa = PBXFileReference; lastKnownFileType = text.plist.xml; path = Info.plist; sourceTree = "<group>"; };
		D0DDE5F5257660010055413B /* CoreDataStack.swift */ = {isa = PBXFileReference; lastKnownFileType = sourcecode.swift; path = CoreDataStack.swift; sourceTree = "<group>"; };
		D0DDE5F82576660B0055413B /* Playlist+Convenience.swift */ = {isa = PBXFileReference; lastKnownFileType = sourcecode.swift; path = "Playlist+Convenience.swift"; sourceTree = "<group>"; };
		D0DDE5FB257666BF0055413B /* Song+Convenience.swift */ = {isa = PBXFileReference; lastKnownFileType = sourcecode.swift; path = "Song+Convenience.swift"; sourceTree = "<group>"; };
/* End PBXFileReference section */

/* Begin PBXFrameworksBuildPhase section */
		D00FE8462573598400EBB04E /* Frameworks */ = {
			isa = PBXFrameworksBuildPhase;
			buildActionMask = 2147483647;
			files = (
			);
			runOnlyForDeploymentPostprocessing = 0;
		};
/* End PBXFrameworksBuildPhase section */

/* Begin PBXGroup section */
		D00FE8402573598400EBB04E = {
			isa = PBXGroup;
			children = (
				D00FE84B2573598400EBB04E /* PlaylistCordeData34 */,
				D00FE84A2573598400EBB04E /* Products */,
			);
			sourceTree = "<group>";
		};
		D00FE84A2573598400EBB04E /* Products */ = {
			isa = PBXGroup;
			children = (
				D00FE8492573598400EBB04E /* PlaylistCordeData34.app */,
			);
			name = Products;
			sourceTree = "<group>";
		};
		D00FE84B2573598400EBB04E /* PlaylistCordeData34 */ = {
			isa = PBXGroup;
			children = (
				D0DDE5F425765FEF0055413B /* Model */,
				D0DDE5F225765B5E0055413B /* Views */,
				D0DDE5EE25765B110055413B /* Resources */,
				D00FE8552573598400EBB04E /* PlaylistCordeData34.xcdatamodeld */,
			);
			path = PlaylistCordeData34;
			sourceTree = "<group>";
		};
		D0DDE5EE25765B110055413B /* Resources */ = {
			isa = PBXGroup;
			children = (
				D00FE84C2573598400EBB04E /* AppDelegate.swift */,
				D00FE84E2573598400EBB04E /* SceneDelegate.swift */,
				D00FE8582573598600EBB04E /* Assets.xcassets */,
				D00FE85A2573598600EBB04E /* LaunchScreen.storyboard */,
				D00FE85D2573598600EBB04E /* Info.plist */,
			);
			path = Resources;
			sourceTree = "<group>";
		};
		D0DDE5F225765B5E0055413B /* Views */ = {
			isa = PBXGroup;
			children = (
				D00FE8522573598400EBB04E /* Main.storyboard */,
			);
			path = Views;
			sourceTree = "<group>";
		};
		D0DDE5F425765FEF0055413B /* Model */ = {
			isa = PBXGroup;
			children = (
				D0DDE5F5257660010055413B /* CoreDataStack.swift */,
				D0DDE5F82576660B0055413B /* Playlist+Convenience.swift */,
				D0DDE5FB257666BF0055413B /* Song+Convenience.swift */,
			);
			path = Model;
			sourceTree = "<group>";
		};
/* End PBXGroup section */

/* Begin PBXNativeTarget section */
		D00FE8482573598400EBB04E /* PlaylistCordeData34 */ = {
			isa = PBXNativeTarget;
			buildConfigurationList = D00FE8602573598600EBB04E /* Build configuration list for PBXNativeTarget "PlaylistCordeData34" */;
			buildPhases = (
				D00FE8452573598400EBB04E /* Sources */,
				D00FE8462573598400EBB04E /* Frameworks */,
				D00FE8472573598400EBB04E /* Resources */,
			);
			buildRules = (
			);
			dependencies = (
			);
			name = PlaylistCordeData34;
			productName = PlaylistCordeData34;
			productReference = D00FE8492573598400EBB04E /* PlaylistCordeData34.app */;
			productType = "com.apple.product-type.application";
		};
/* End PBXNativeTarget section */

/* Begin PBXProject section */
		D00FE8412573598400EBB04E /* Project object */ = {
			isa = PBXProject;
			attributes = {
				LastSwiftUpdateCheck = 1220;
				LastUpgradeCheck = 1220;
				TargetAttributes = {
					D00FE8482573598400EBB04E = {
						CreatedOnToolsVersion = 12.2;
					};
				};
			};
			buildConfigurationList = D00FE8442573598400EBB04E /* Build configuration list for PBXProject "PlaylistCordeData34" */;
			compatibilityVersion = "Xcode 9.3";
			developmentRegion = en;
			hasScannedForEncodings = 0;
			knownRegions = (
				en,
				Base,
			);
			mainGroup = D00FE8402573598400EBB04E;
			productRefGroup = D00FE84A2573598400EBB04E /* Products */;
			projectDirPath = "";
			projectRoot = "";
			targets = (
				D00FE8482573598400EBB04E /* PlaylistCordeData34 */,
			);
		};
/* End PBXProject section */

/* Begin PBXResourcesBuildPhase section */
		D00FE8472573598400EBB04E /* Resources */ = {
			isa = PBXResourcesBuildPhase;
			buildActionMask = 2147483647;
			files = (
				D00FE85C2573598600EBB04E /* LaunchScreen.storyboard in Resources */,
				D00FE8592573598600EBB04E /* Assets.xcassets in Resources */,
				D00FE8542573598400EBB04E /* Main.storyboard in Resources */,
			);
			runOnlyForDeploymentPostprocessing = 0;
		};
/* End PBXResourcesBuildPhase section */

/* Begin PBXSourcesBuildPhase section */
		D00FE8452573598400EBB04E /* Sources */ = {
			isa = PBXSourcesBuildPhase;
			buildActionMask = 2147483647;
			files = (
				D00FE8572573598400EBB04E /* PlaylistCordeData34.xcdatamodeld in Sources */,
				D0DDE5F92576660B0055413B /* Playlist+Convenience.swift in Sources */,
				D0DDE5FC257666BF0055413B /* Song+Convenience.swift in Sources */,
				D00FE84D2573598400EBB04E /* AppDelegate.swift in Sources */,
				D00FE84F2573598400EBB04E /* SceneDelegate.swift in Sources */,
				D0DDE5F6257660010055413B /* CoreDataStack.swift in Sources */,
			);
			runOnlyForDeploymentPostprocessing = 0;
		};
/* End PBXSourcesBuildPhase section */

/* Begin PBXVariantGroup section */
		D00FE8522573598400EBB04E /* Main.storyboard */ = {
			isa = PBXVariantGroup;
			children = (
				D00FE8532573598400EBB04E /* Base */,
			);
			name = Main.storyboard;
			sourceTree = "<group>";
		};
		D00FE85A2573598600EBB04E /* LaunchScreen.storyboard */ = {
			isa = PBXVariantGroup;
			children = (
				D00FE85B2573598600EBB04E /* Base */,
			);
			name = LaunchScreen.storyboard;
			sourceTree = "<group>";
		};
/* End PBXVariantGroup section */

/* Begin XCBuildConfiguration section */
		D00FE85E2573598600EBB04E /* Debug */ = {
			isa = XCBuildConfiguration;
			buildSettings = {
				ALWAYS_SEARCH_USER_PATHS = NO;
				CLANG_ANALYZER_NONNULL = YES;
				CLANG_ANALYZER_NUMBER_OBJECT_CONVERSION = YES_AGGRESSIVE;
				CLANG_CXX_LANGUAGE_STANDARD = "gnu++14";
				CLANG_CXX_LIBRARY = "libc++";
				CLANG_ENABLE_MODULES = YES;
				CLANG_ENABLE_OBJC_ARC = YES;
				CLANG_ENABLE_OBJC_WEAK = YES;
				CLANG_WARN_BLOCK_CAPTURE_AUTORELEASING = YES;
				CLANG_WARN_BOOL_CONVERSION = YES;
				CLANG_WARN_COMMA = YES;
				CLANG_WARN_CONSTANT_CONVERSION = YES;
				CLANG_WARN_DEPRECATED_OBJC_IMPLEMENTATIONS = YES;
				CLANG_WARN_DIRECT_OBJC_ISA_USAGE = YES_ERROR;
				CLANG_WARN_DOCUMENTATION_COMMENTS = YES;
				CLANG_WARN_EMPTY_BODY = YES;
				CLANG_WARN_ENUM_CONVERSION = YES;
				CLANG_WARN_INFINITE_RECURSION = YES;
				CLANG_WARN_INT_CONVERSION = YES;
				CLANG_WARN_NON_LITERAL_NULL_CONVERSION = YES;
				CLANG_WARN_OBJC_IMPLICIT_RETAIN_SELF = YES;
				CLANG_WARN_OBJC_LITERAL_CONVERSION = YES;
				CLANG_WARN_OBJC_ROOT_CLASS = YES_ERROR;
				CLANG_WARN_QUOTED_INCLUDE_IN_FRAMEWORK_HEADER = YES;
				CLANG_WARN_RANGE_LOOP_ANALYSIS = YES;
				CLANG_WARN_STRICT_PROTOTYPES = YES;
				CLANG_WARN_SUSPICIOUS_MOVE = YES;
				CLANG_WARN_UNGUARDED_AVAILABILITY = YES_AGGRESSIVE;
				CLANG_WARN_UNREACHABLE_CODE = YES;
				CLANG_WARN__DUPLICATE_METHOD_MATCH = YES;
				COPY_PHASE_STRIP = NO;
				DEBUG_INFORMATION_FORMAT = dwarf;
				ENABLE_STRICT_OBJC_MSGSEND = YES;
				ENABLE_TESTABILITY = YES;
				GCC_C_LANGUAGE_STANDARD = gnu11;
				GCC_DYNAMIC_NO_PIC = NO;
				GCC_NO_COMMON_BLOCKS = YES;
				GCC_OPTIMIZATION_LEVEL = 0;
				GCC_PREPROCESSOR_DEFINITIONS = (
					"DEBUG=1",
					"$(inherited)",
				);
				GCC_WARN_64_TO_32_BIT_CONVERSION = YES;
				GCC_WARN_ABOUT_RETURN_TYPE = YES_ERROR;
				GCC_WARN_UNDECLARED_SELECTOR = YES;
				GCC_WARN_UNINITIALIZED_AUTOS = YES_AGGRESSIVE;
				GCC_WARN_UNUSED_FUNCTION = YES;
				GCC_WARN_UNUSED_VARIABLE = YES;
				IPHONEOS_DEPLOYMENT_TARGET = 14.2;
				MTL_ENABLE_DEBUG_INFO = INCLUDE_SOURCE;
				MTL_FAST_MATH = YES;
				ONLY_ACTIVE_ARCH = YES;
				SDKROOT = iphoneos;
				SWIFT_ACTIVE_COMPILATION_CONDITIONS = DEBUG;
				SWIFT_OPTIMIZATION_LEVEL = "-Onone";
			};
			name = Debug;
		};
		D00FE85F2573598600EBB04E /* Release */ = {
			isa = XCBuildConfiguration;
			buildSettings = {
				ALWAYS_SEARCH_USER_PATHS = NO;
				CLANG_ANALYZER_NONNULL = YES;
				CLANG_ANALYZER_NUMBER_OBJECT_CONVERSION = YES_AGGRESSIVE;
				CLANG_CXX_LANGUAGE_STANDARD = "gnu++14";
				CLANG_CXX_LIBRARY = "libc++";
				CLANG_ENABLE_MODULES = YES;
				CLANG_ENABLE_OBJC_ARC = YES;
				CLANG_ENABLE_OBJC_WEAK = YES;
				CLANG_WARN_BLOCK_CAPTURE_AUTORELEASING = YES;
				CLANG_WARN_BOOL_CONVERSION = YES;
				CLANG_WARN_COMMA = YES;
				CLANG_WARN_CONSTANT_CONVERSION = YES;
				CLANG_WARN_DEPRECATED_OBJC_IMPLEMENTATIONS = YES;
				CLANG_WARN_DIRECT_OBJC_ISA_USAGE = YES_ERROR;
				CLANG_WARN_DOCUMENTATION_COMMENTS = YES;
				CLANG_WARN_EMPTY_BODY = YES;
				CLANG_WARN_ENUM_CONVERSION = YES;
				CLANG_WARN_INFINITE_RECURSION = YES;
				CLANG_WARN_INT_CONVERSION = YES;
				CLANG_WARN_NON_LITERAL_NULL_CONVERSION = YES;
				CLANG_WARN_OBJC_IMPLICIT_RETAIN_SELF = YES;
				CLANG_WARN_OBJC_LITERAL_CONVERSION = YES;
				CLANG_WARN_OBJC_ROOT_CLASS = YES_ERROR;
				CLANG_WARN_QUOTED_INCLUDE_IN_FRAMEWORK_HEADER = YES;
				CLANG_WARN_RANGE_LOOP_ANALYSIS = YES;
				CLANG_WARN_STRICT_PROTOTYPES = YES;
				CLANG_WARN_SUSPICIOUS_MOVE = YES;
				CLANG_WARN_UNGUARDED_AVAILABILITY = YES_AGGRESSIVE;
				CLANG_WARN_UNREACHABLE_CODE = YES;
				CLANG_WARN__DUPLICATE_METHOD_MATCH = YES;
				COPY_PHASE_STRIP = NO;
				DEBUG_INFORMATION_FORMAT = "dwarf-with-dsym";
				ENABLE_NS_ASSERTIONS = NO;
				ENABLE_STRICT_OBJC_MSGSEND = YES;
				GCC_C_LANGUAGE_STANDARD = gnu11;
				GCC_NO_COMMON_BLOCKS = YES;
				GCC_WARN_64_TO_32_BIT_CONVERSION = YES;
				GCC_WARN_ABOUT_RETURN_TYPE = YES_ERROR;
				GCC_WARN_UNDECLARED_SELECTOR = YES;
				GCC_WARN_UNINITIALIZED_AUTOS = YES_AGGRESSIVE;
				GCC_WARN_UNUSED_FUNCTION = YES;
				GCC_WARN_UNUSED_VARIABLE = YES;
				IPHONEOS_DEPLOYMENT_TARGET = 14.2;
				MTL_ENABLE_DEBUG_INFO = NO;
				MTL_FAST_MATH = YES;
				SDKROOT = iphoneos;
				SWIFT_COMPILATION_MODE = wholemodule;
				SWIFT_OPTIMIZATION_LEVEL = "-O";
				VALIDATE_PRODUCT = YES;
			};
			name = Release;
		};
		D00FE8612573598600EBB04E /* Debug */ = {
			isa = XCBuildConfiguration;
			buildSettings = {
				ASSETCATALOG_COMPILER_APPICON_NAME = AppIcon;
				ASSETCATALOG_COMPILER_GLOBAL_ACCENT_COLOR_NAME = AccentColor;
				CODE_SIGN_STYLE = Automatic;
				DEVELOPMENT_TEAM = FXHHZQB8GN;
				INFOPLIST_FILE = PlaylistCordeData34/Resources/Info.plist;
				LD_RUNPATH_SEARCH_PATHS = (
					"$(inherited)",
					"@executable_path/Frameworks",
				);
				PRODUCT_BUNDLE_IDENTIFIER = com.juniorsuarezleyva.PlaylistCordeData34;
				PRODUCT_NAME = "$(TARGET_NAME)";
				SWIFT_VERSION = 5.0;
				TARGETED_DEVICE_FAMILY = "1,2";
			};
			name = Debug;
		};
		D00FE8622573598600EBB04E /* Release */ = {
			isa = XCBuildConfiguration;
			buildSettings = {
				ASSETCATALOG_COMPILER_APPICON_NAME = AppIcon;
				ASSETCATALOG_COMPILER_GLOBAL_ACCENT_COLOR_NAME = AccentColor;
				CODE_SIGN_STYLE = Automatic;
				DEVELOPMENT_TEAM = FXHHZQB8GN;
				INFOPLIST_FILE = PlaylistCordeData34/Resources/Info.plist;
				LD_RUNPATH_SEARCH_PATHS = (
					"$(inherited)",
					"@executable_path/Frameworks",
				);
				PRODUCT_BUNDLE_IDENTIFIER = com.juniorsuarezleyva.PlaylistCordeData34;
				PRODUCT_NAME = "$(TARGET_NAME)";
				SWIFT_VERSION = 5.0;
				TARGETED_DEVICE_FAMILY = "1,2";
			};
			name = Release;
		};
/* End XCBuildConfiguration section */

/* Begin XCConfigurationList section */
		D00FE8442573598400EBB04E /* Build configuration list for PBXProject "PlaylistCordeData34" */ = {
			isa = XCConfigurationList;
			buildConfigurations = (
				D00FE85E2573598600EBB04E /* Debug */,
				D00FE85F2573598600EBB04E /* Release */,
			);
			defaultConfigurationIsVisible = 0;
			defaultConfigurationName = Release;
		};
		D00FE8602573598600EBB04E /* Build configuration list for PBXNativeTarget "PlaylistCordeData34" */ = {
			isa = XCConfigurationList;
			buildConfigurations = (
				D00FE8612573598600EBB04E /* Debug */,
				D00FE8622573598600EBB04E /* Release */,
			);
			defaultConfigurationIsVisible = 0;
			defaultConfigurationName = Release;
		};
/* End XCConfigurationList section */

/* Begin XCVersionGroup section */
		D00FE8552573598400EBB04E /* PlaylistCordeData34.xcdatamodeld */ = {
			isa = XCVersionGroup;
			children = (
				D00FE8562573598400EBB04E /* PlaylistCordeData34.xcdatamodel */,
			);
			currentVersion = D00FE8562573598400EBB04E /* PlaylistCordeData34.xcdatamodel */;
			path = PlaylistCordeData34.xcdatamodeld;
			sourceTree = "<group>";
			versionGroupType = wrapper.xcdatamodel;
		};
/* End XCVersionGroup section */
	};
	rootObject = D00FE8412573598400EBB04E /* Project object */;
}
